// !$*UTF8*$!
{
	archiveVersion = 1;
	classes = {
	};
	objectVersion = 46;
	objects = {

/* Begin PBXBuildFile section */
		971C98711DC9F03900E95779 /* AppDelegate.swift in Sources */ = {isa = PBXBuildFile; fileRef = 971C98701DC9F03900E95779 /* AppDelegate.swift */; };
		971C98731DC9F03900E95779 /* ViewController.swift in Sources */ = {isa = PBXBuildFile; fileRef = 971C98721DC9F03900E95779 /* ViewController.swift */; };
		971C98761DC9F03900E95779 /* Main.storyboard in Resources */ = {isa = PBXBuildFile; fileRef = 971C98741DC9F03900E95779 /* Main.storyboard */; };
		971C98781DC9F03900E95779 /* Assets.xcassets in Resources */ = {isa = PBXBuildFile; fileRef = 971C98771DC9F03900E95779 /* Assets.xcassets */; };
		971C987B1DC9F03900E95779 /* LaunchScreen.storyboard in Resources */ = {isa = PBXBuildFile; fileRef = 971C98791DC9F03900E95779 /* LaunchScreen.storyboard */; };
		971C98851DC9F3CC00E95779 /* countView1.swift in Sources */ = {isa = PBXBuildFile; fileRef = 971C98841DC9F3CC00E95779 /* countView1.swift */; };
		971C98871DC9F3F000E95779 /* countView2.swift in Sources */ = {isa = PBXBuildFile; fileRef = 971C98861DC9F3F000E95779 /* countView2.swift */; };
		971C98891DC9F40000E95779 /* countView3.swift in Sources */ = {isa = PBXBuildFile; fileRef = 971C98881DC9F40000E95779 /* countView3.swift */; };
/* End PBXBuildFile section */

/* Begin PBXFileReference section */
		971C986D1DC9F03900E95779 /* HK4-2.app */ = {isa = PBXFileReference; explicitFileType = wrapper.application; includeInIndex = 0; path = "HK4-2.app"; sourceTree = BUILT_PRODUCTS_DIR; };
		971C98701DC9F03900E95779 /* AppDelegate.swift */ = {isa = PBXFileReference; lastKnownFileType = sourcecode.swift; path = AppDelegate.swift; sourceTree = "<group>"; };
		971C98721DC9F03900E95779 /* ViewController.swift */ = {isa = PBXFileReference; lastKnownFileType = sourcecode.swift; path = ViewController.swift; sourceTree = "<group>"; };
		971C98751DC9F03900E95779 /* Base */ = {isa = PBXFileReference; lastKnownFileType = file.storyboard; name = Base; path = Base.lproj/Main.storyboard; sourceTree = "<group>"; };
		971C98771DC9F03900E95779 /* Assets.xcassets */ = {isa = PBXFileReference; lastKnownFileType = folder.assetcatalog; path = Assets.xcassets; sourceTree = "<group>"; };
		971C987A1DC9F03900E95779 /* Base */ = {isa = PBXFileReference; lastKnownFileType = file.storyboard; name = Base; path = Base.lproj/LaunchScreen.storyboard; sourceTree = "<group>"; };
		971C987C1DC9F03900E95779 /* Info.plist */ = {isa = PBXFileReference; lastKnownFileType = text.plist.xml; path = Info.plist; sourceTree = "<group>"; };
		971C98841DC9F3CC00E95779 /* countView1.swift */ = {isa = PBXFileReference; fileEncoding = 4; lastKnownFileType = sourcecode.swift; path = countView1.swift; sourceTree = "<group>"; };
		971C98861DC9F3F000E95779 /* countView2.swift */ = {isa = PBXFileReference; fileEncoding = 4; lastKnownFileType = sourcecode.swift; path = countView2.swift; sourceTree = "<group>"; };
		971C98881DC9F40000E95779 /* countView3.swift */ = {isa = PBXFileReference; fileEncoding = 4; lastKnownFileType = sourcecode.swift; path = countView3.swift; sourceTree = "<group>"; };
/* End PBXFileReference section */

/* Begin PBXFrameworksBuildPhase section */
		971C986A1DC9F03900E95779 /* Frameworks */ = {
			isa = PBXFrameworksBuildPhase;
			buildActionMask = 2147483647;
			files = (
			);
			runOnlyForDeploymentPostprocessing = 0;
		};
/* End PBXFrameworksBuildPhase section */

/* Begin PBXGroup section */
		971C98641DC9F03900E95779 = {
			isa = PBXGroup;
			children = (
				971C986F1DC9F03900E95779 /* HK4-2 */,
				971C986E1DC9F03900E95779 /* Products */,
			);
			sourceTree = "<group>";
		};
		971C986E1DC9F03900E95779 /* Products */ = {
			isa = PBXGroup;
			children = (
				971C986D1DC9F03900E95779 /* HK4-2.app */,
			);
			name = Products;
			sourceTree = "<group>";
		};
		971C986F1DC9F03900E95779 /* HK4-2 */ = {
			isa = PBXGroup;
			children = (
				971C98701DC9F03900E95779 /* AppDelegate.swift */,
				971C98721DC9F03900E95779 /* ViewController.swift */,
				971C98741DC9F03900E95779 /* Main.storyboard */,
				971C98841DC9F3CC00E95779 /* countView1.swift */,
				971C98861DC9F3F000E95779 /* countView2.swift */,
				971C98881DC9F40000E95779 /* countView3.swift */,
				971C98771DC9F03900E95779 /* Assets.xcassets */,
				971C98791DC9F03900E95779 /* LaunchScreen.storyboard */,
				971C987C1DC9F03900E95779 /* Info.plist */,
			);
			path = "HK4-2";
			sourceTree = "<group>";
		};
/* End PBXGroup section */

/* Begin PBXNativeTarget section */
		971C986C1DC9F03900E95779 /* HK4-2 */ = {
			isa = PBXNativeTarget;
			buildConfigurationList = 971C987F1DC9F03900E95779 /* Build configuration list for PBXNativeTarget "HK4-2" */;
			buildPhases = (
				971C98691DC9F03900E95779 /* Sources */,
				971C986A1DC9F03900E95779 /* Frameworks */,
				971C986B1DC9F03900E95779 /* Resources */,
			);
			buildRules = (
			);
			dependencies = (
			);
			name = "HK4-2";
			productName = "HK4-2";
			productReference = 971C986D1DC9F03900E95779 /* HK4-2.app */;
			productType = "com.apple.product-type.application";
		};
/* End PBXNativeTarget section */

/* Begin PBXProject section */
		971C98651DC9F03900E95779 /* Project object */ = {
			isa = PBXProject;
			attributes = {
				LastSwiftUpdateCheck = 0810;
				LastUpgradeCheck = 0810;
				ORGANIZATIONNAME = AllenChang;
				TargetAttributes = {
					971C986C1DC9F03900E95779 = {
						CreatedOnToolsVersion = 8.1;
						DevelopmentTeam = 7SLWFM8W4P;
						ProvisioningStyle = Automatic;
					};
				};
			};
			buildConfigurationList = 971C98681DC9F03900E95779 /* Build configuration list for PBXProject "HK4-2" */;
			compatibilityVersion = "Xcode 3.2";
			developmentRegion = English;
			hasScannedForEncodings = 0;
			knownRegions = (
				en,
				Base,
			);
			mainGroup = 971C98641DC9F03900E95779;
			productRefGroup = 971C986E1DC9F03900E95779 /* Products */;
			projectDirPath = "";
			projectRoot = "";
			targets = (
				971C986C1DC9F03900E95779 /* HK4-2 */,
			);
		};
/* End PBXProject section */

/* Begin PBXResourcesBuildPhase section */
		971C986B1DC9F03900E95779 /* Resources */ = {
			isa = PBXResourcesBuildPhase;
			buildActionMask = 2147483647;
			files = (
				971C987B1DC9F03900E95779 /* LaunchScreen.storyboard in Resources */,
				971C98781DC9F03900E95779 /* Assets.xcassets in Resources */,
				971C98761DC9F03900E95779 /* Main.storyboard in Resources */,
			);
			runOnlyForDeploymentPostprocessing = 0;
		};
/* End PBXResourcesBuildPhase section */

/* Begin PBXSourcesBuildPhase section */
		971C98691DC9F03900E95779 /* Sources */ = {
			isa = PBXSourcesBuildPhase;
			buildActionMask = 2147483647;
			files = (
				971C98731DC9F03900E95779 /* ViewController.swift in Sources */,
				971C98891DC9F40000E95779 /* countView3.swift in Sources */,
				971C98871DC9F3F000E95779 /* countView2.swift in Sources */,
				971C98711DC9F03900E95779 /* AppDelegate.swift in Sources */,
				971C98851DC9F3CC00E95779 /* countView1.swift in Sources */,
			);
			runOnlyForDeploymentPostprocessing = 0;
		};
/* End PBXSourcesBuildPhase section */

/* Begin PBXVariantGroup section */
		971C98741DC9F03900E95779 /* Main.storyboard */ = {
			isa = PBXVariantGroup;
			children = (
				971C98751DC9F03900E95779 /* Base */,
			);
			name = Main.storyboard;
			sourceTree = "<group>";
		};
		971C98791DC9F03900E95779 /* LaunchScreen.storyboard */ = {
			isa = PBXVariantGroup;
			children = (
				971C987A1DC9F03900E95779 /* Base */,
			);
			name = LaunchScreen.storyboard;
			sourceTree = "<group>";
		};
/* End PBXVariantGroup section */

/* Begin XCBuildConfiguration section */
		971C987D1DC9F03900E95779 /* Debug */ = {
			isa = XCBuildConfiguration;
			buildSettings = {
				ALWAYS_SEARCH_USER_PATHS = NO;
				CLANG_ANALYZER_NONNULL = YES;
				CLANG_CXX_LANGUAGE_STANDARD = "gnu++0x";
				CLANG_CXX_LIBRARY = "libc++";
				CLANG_ENABLE_MODULES = YES;
				CLANG_ENABLE_OBJC_ARC = YES;
				CLANG_WARN_BOOL_CONVERSION = YES;
				CLANG_WARN_CONSTANT_CONVERSION = YES;
				CLANG_WARN_DIRECT_OBJC_ISA_USAGE = YES_ERROR;
				CLANG_WARN_DOCUMENTATION_COMMENTS = YES;
				CLANG_WARN_EMPTY_BODY = YES;
				CLANG_WARN_ENUM_CONVERSION = YES;
				CLANG_WARN_INFINITE_RECURSION = YES;
				CLANG_WARN_INT_CONVERSION = YES;
				CLANG_WARN_OBJC_ROOT_CLASS = YES_ERROR;
				CLANG_WARN_SUSPICIOUS_MOVES = YES;
				CLANG_WARN_UNREACHABLE_CODE = YES;
				CLANG_WARN__DUPLICATE_METHOD_MATCH = YES;
				"CODE_SIGN_IDENTITY[sdk=iphoneos*]" = "iPhone Developer";
				COPY_PHASE_STRIP = NO;
				DEBUG_INFORMATION_FORMAT = dwarf;
				ENABLE_STRICT_OBJC_MSGSEND = YES;
				ENABLE_TESTABILITY = YES;
				GCC_C_LANGUAGE_STANDARD = gnu99;
				GCC_DYNAMIC_NO_PIC = NO;
				GCC_NO_COMMON_BLOCKS = YES;
				GCC_OPTIMIZATION_LEVEL = 0;
				GCC_PREPROCESSOR_DEFINITIONS = (
					"DEBUG=1",
					"$(inherited)",
				);
				GCC_WARN_64_TO_32_BIT_CONVERSION = YES;
				GCC_WARN_ABOUT_RETURN_TYPE = YES_ERROR;
				GCC_WARN_UNDECLARED_SELECTOR = YES;
				GCC_WARN_UNINITIALIZED_AUTOS = YES_AGGRESSIVE;
				GCC_WARN_UNUSED_FUNCTION = YES;
				GCC_WARN_UNUSED_VARIABLE = YES;
				IPHONEOS_DEPLOYMENT_TARGET = 10.1;
				MTL_ENABLE_DEBUG_INFO = YES;
				ONLY_ACTIVE_ARCH = YES;
				SDKROOT = iphoneos;
				SWIFT_ACTIVE_COMPILATION_CONDITIONS = DEBUG;
				SWIFT_OPTIMIZATION_LEVEL = "-Onone";
			};
			name = Debug;
		};
		971C987E1DC9F03900E95779 /* Release */ = {
			isa = XCBuildConfiguration;
			buildSettings = {
				ALWAYS_SEARCH_USER_PATHS = NO;
				CLANG_ANALYZER_NONNULL = YES;
				CLANG_CXX_LANGUAGE_STANDARD = "gnu++0x";
				CLANG_CXX_LIBRARY = "libc++";
				CLANG_ENABLE_MODULES = YES;
				CLANG_ENABLE_OBJC_ARC = YES;
				CLANG_WARN_BOOL_CONVERSION = YES;
				CLANG_WARN_CONSTANT_CONVERSION = YES;
				CLANG_WARN_DIRECT_OBJC_ISA_USAGE = YES_ERROR;
				CLANG_WARN_DOCUMENTATION_COMMENTS = YES;
				CLANG_WARN_EMPTY_BODY = YES;
				CLANG_WARN_ENUM_CONVERSION = YES;
				CLANG_WARN_INFINITE_RECURSION = YES;
				CLANG_WARN_INT_CONVERSION = YES;
				CLANG_WARN_OBJC_ROOT_CLASS = YES_ERROR;
				CLANG_WARN_SUSPICIOUS_MOVES = YES;
				CLANG_WARN_UNREACHABLE_CODE = YES;
				CLANG_WARN__DUPLICATE_METHOD_MATCH = YES;
				"CODE_SIGN_IDENTITY[sdk=iphoneos*]" = "iPhone Developer";
				COPY_PHASE_STRIP = NO;
				DEBUG_INFORMATION_FORMAT = "dwarf-with-dsym";
				ENABLE_NS_ASSERTIONS = NO;
				ENABLE_STRICT_OBJC_MSGSEND = YES;
				GCC_C_LANGUAGE_STANDARD = gnu99;
				GCC_NO_COMMON_BLOCKS = YES;
				GCC_WARN_64_TO_32_BIT_CONVERSION = YES;
				GCC_WARN_ABOUT_RETURN_TYPE = YES_ERROR;
				GCC_WARN_UNDECLARED_SELECTOR = YES;
				GCC_WARN_UNINITIALIZED_AUTOS = YES_AGGRESSIVE;
				GCC_WARN_UNUSED_FUNCTION = YES;
				GCC_WARN_UNUSED_VARIABLE = YES;
				IPHONEOS_DEPLOYMENT_TARGET = 10.1;
				MTL_ENABLE_DEBUG_INFO = NO;
				SDKROOT = iphoneos;
				SWIFT_OPTIMIZATION_LEVEL = "-Owholemodule";
				VALIDATE_PRODUCT = YES;
			};
			name = Release;
		};
		971C98801DC9F03900E95779 /* Debug */ = {
			isa = XCBuildConfiguration;
			buildSettings = {
				ASSETCATALOG_COMPILER_APPICON_NAME = AppIcon;
				DEVELOPMENT_TEAM = 7SLWFM8W4P;
				INFOPLIST_FILE = "HK4-2/Info.plist";
				LD_RUNPATH_SEARCH_PATHS = "$(inherited) @executable_path/Frameworks";
				PRODUCT_BUNDLE_IDENTIFIER = "com.allenChang.HK4-2";
				PRODUCT_NAME = "$(TARGET_NAME)";
				SWIFT_VERSION = 3.0;
			};
			name = Debug;
		};
		971C98811DC9F03900E95779 /* Release */ = {
			isa = XCBuildConfiguration;
			buildSettings = {
				ASSETCATALOG_COMPILER_APPICON_NAME = AppIcon;
				DEVELOPMENT_TEAM = 7SLWFM8W4P;
				INFOPLIST_FILE = "HK4-2/Info.plist";
				LD_RUNPATH_SEARCH_PATHS = "$(inherited) @executable_path/Frameworks";
				PRODUCT_BUNDLE_IDENTIFIER = "com.allenChang.HK4-2";
				PRODUCT_NAME = "$(TARGET_NAME)";
				SWIFT_VERSION = 3.0;
			};
			name = Release;
		};
/* End XCBuildConfiguration section */

/* Begin XCConfigurationList section */
		971C98681DC9F03900E95779 /* Build configuration list for PBXProject "HK4-2" */ = {
			isa = XCConfigurationList;
			buildConfigurations = (
				971C987D1DC9F03900E95779 /* Debug */,
				971C987E1DC9F03900E95779 /* Release */,
			);
			defaultConfigurationIsVisible = 0;
			defaultConfigurationName = Release;
		};
		971C987F1DC9F03900E95779 /* Build configuration list for PBXNativeTarget "HK4-2" */ = {
			isa = XCConfigurationList;
			buildConfigurations = (
				971C98801DC9F03900E95779 /* Debug */,
				971C98811DC9F03900E95779 /* Release */,
			);
			defaultConfigurationIsVisible = 0;
		};
/* End XCConfigurationList section */
	};
	rootObject = 971C98651DC9F03900E95779 /* Project object */;
}
